// !$*UTF8*$!
{
	archiveVersion = 1;
	classes = {
	};
	objectVersion = 46;
	objects = {

/* Begin PBXBuildFile section */
		618C18E4198AC42700BDE261 /* Foundation.framework in Frameworks */ = {isa = PBXBuildFile; fileRef = 618C18E3198AC42700BDE261 /* Foundation.framework */; };
		618C18E6198AC42700BDE261 /* CoreGraphics.framework in Frameworks */ = {isa = PBXBuildFile; fileRef = 618C18E5198AC42700BDE261 /* CoreGraphics.framework */; };
		618C18E8198AC42700BDE261 /* UIKit.framework in Frameworks */ = {isa = PBXBuildFile; fileRef = 618C18E7198AC42700BDE261 /* UIKit.framework */; };
		618C18EE198AC42800BDE261 /* InfoPlist.strings in Resources */ = {isa = PBXBuildFile; fileRef = 618C18EC198AC42800BDE261 /* InfoPlist.strings */; };
		618C18F0198AC42800BDE261 /* main.m in Sources */ = {isa = PBXBuildFile; fileRef = 618C18EF198AC42800BDE261 /* main.m */; };
		618C18F4198AC42800BDE261 /* KPIAppDelegate.m in Sources */ = {isa = PBXBuildFile; fileRef = 618C18F3198AC42800BDE261 /* KPIAppDelegate.m */; };
		618C18F7198AC42800BDE261 /* Main.storyboard in Resources */ = {isa = PBXBuildFile; fileRef = 618C18F5198AC42800BDE261 /* Main.storyboard */; };
		618C18FA198AC42800BDE261 /* KPIMasterViewController.m in Sources */ = {isa = PBXBuildFile; fileRef = 618C18F9198AC42800BDE261 /* KPIMasterViewController.m */; };
		618C18FC198AC42800BDE261 /* Images.xcassets in Resources */ = {isa = PBXBuildFile; fileRef = 618C18FB198AC42800BDE261 /* Images.xcassets */; };
		618C1903198AC42800BDE261 /* XCTest.framework in Frameworks */ = {isa = PBXBuildFile; fileRef = 618C1902198AC42800BDE261 /* XCTest.framework */; };
		618C1904198AC42800BDE261 /* Foundation.framework in Frameworks */ = {isa = PBXBuildFile; fileRef = 618C18E3198AC42700BDE261 /* Foundation.framework */; };
		618C1905198AC42800BDE261 /* UIKit.framework in Frameworks */ = {isa = PBXBuildFile; fileRef = 618C18E7198AC42700BDE261 /* UIKit.framework */; };
		618C190D198AC42800BDE261 /* InfoPlist.strings in Resources */ = {isa = PBXBuildFile; fileRef = 618C190B198AC42800BDE261 /* InfoPlist.strings */; };
		618C190F198AC42800BDE261 /* PersonalKPIsTests.m in Sources */ = {isa = PBXBuildFile; fileRef = 618C190E198AC42800BDE261 /* PersonalKPIsTests.m */; };
/* End PBXBuildFile section */

/* Begin PBXContainerItemProxy section */
		618C1906198AC42800BDE261 /* PBXContainerItemProxy */ = {
			isa = PBXContainerItemProxy;
			containerPortal = 618C18D8198AC42700BDE261 /* Project object */;
			proxyType = 1;
			remoteGlobalIDString = 618C18DF198AC42700BDE261;
			remoteInfo = PersonalKPIs;
		};
/* End PBXContainerItemProxy section */

/* Begin PBXFileReference section */
		618C18E0198AC42700BDE261 /* PersonalKPIs.app */ = {isa = PBXFileReference; explicitFileType = wrapper.application; includeInIndex = 0; path = PersonalKPIs.app; sourceTree = BUILT_PRODUCTS_DIR; };
		618C18E3198AC42700BDE261 /* Foundation.framework */ = {isa = PBXFileReference; lastKnownFileType = wrapper.framework; name = Foundation.framework; path = System/Library/Frameworks/Foundation.framework; sourceTree = SDKROOT; };
		618C18E5198AC42700BDE261 /* CoreGraphics.framework */ = {isa = PBXFileReference; lastKnownFileType = wrapper.framework; name = CoreGraphics.framework; path = System/Library/Frameworks/CoreGraphics.framework; sourceTree = SDKROOT; };
		618C18E7198AC42700BDE261 /* UIKit.framework */ = {isa = PBXFileReference; lastKnownFileType = wrapper.framework; name = UIKit.framework; path = System/Library/Frameworks/UIKit.framework; sourceTree = SDKROOT; };
		618C18EB198AC42800BDE261 /* PersonalKPIs-Info.plist */ = {isa = PBXFileReference; lastKnownFileType = text.plist.xml; path = "PersonalKPIs-Info.plist"; sourceTree = "<group>"; };
		618C18ED198AC42800BDE261 /* en */ = {isa = PBXFileReference; lastKnownFileType = text.plist.strings; name = en; path = en.lproj/InfoPlist.strings; sourceTree = "<group>"; };
		618C18EF198AC42800BDE261 /* main.m */ = {isa = PBXFileReference; lastKnownFileType = sourcecode.c.objc; path = main.m; sourceTree = "<group>"; };
		618C18F1198AC42800BDE261 /* PersonalKPIs-Prefix.pch */ = {isa = PBXFileReference; lastKnownFileType = sourcecode.c.h; path = "PersonalKPIs-Prefix.pch"; sourceTree = "<group>"; };
		618C18F2198AC42800BDE261 /* KPIAppDelegate.h */ = {isa = PBXFileReference; lastKnownFileType = sourcecode.c.h; path = KPIAppDelegate.h; sourceTree = "<group>"; };
		618C18F3198AC42800BDE261 /* KPIAppDelegate.m */ = {isa = PBXFileReference; lastKnownFileType = sourcecode.c.objc; path = KPIAppDelegate.m; sourceTree = "<group>"; };
		618C18F6198AC42800BDE261 /* Base */ = {isa = PBXFileReference; lastKnownFileType = file.storyboard; name = Base; path = Base.lproj/Main.storyboard; sourceTree = "<group>"; };
		618C18F8198AC42800BDE261 /* KPIMasterViewController.h */ = {isa = PBXFileReference; lastKnownFileType = sourcecode.c.h; path = KPIMasterViewController.h; sourceTree = "<group>"; };
		618C18F9198AC42800BDE261 /* KPIMasterViewController.m */ = {isa = PBXFileReference; lastKnownFileType = sourcecode.c.objc; path = KPIMasterViewController.m; sourceTree = "<group>"; };
		618C18FB198AC42800BDE261 /* Images.xcassets */ = {isa = PBXFileReference; lastKnownFileType = folder.assetcatalog; path = Images.xcassets; sourceTree = "<group>"; };
		618C1901198AC42800BDE261 /* PersonalKPIsTests.xctest */ = {isa = PBXFileReference; explicitFileType = wrapper.cfbundle; includeInIndex = 0; path = PersonalKPIsTests.xctest; sourceTree = BUILT_PRODUCTS_DIR; };
		618C1902198AC42800BDE261 /* XCTest.framework */ = {isa = PBXFileReference; lastKnownFileType = wrapper.framework; name = XCTest.framework; path = Library/Frameworks/XCTest.framework; sourceTree = DEVELOPER_DIR; };
		618C190A198AC42800BDE261 /* PersonalKPIsTests-Info.plist */ = {isa = PBXFileReference; lastKnownFileType = text.plist.xml; path = "PersonalKPIsTests-Info.plist"; sourceTree = "<group>"; };
		618C190C198AC42800BDE261 /* en */ = {isa = PBXFileReference; lastKnownFileType = text.plist.strings; name = en; path = en.lproj/InfoPlist.strings; sourceTree = "<group>"; };
		618C190E198AC42800BDE261 /* PersonalKPIsTests.m */ = {isa = PBXFileReference; lastKnownFileType = sourcecode.c.objc; path = PersonalKPIsTests.m; sourceTree = "<group>"; };
/* End PBXFileReference section */

/* Begin PBXFrameworksBuildPhase section */
		618C18DD198AC42700BDE261 /* Frameworks */ = {
			isa = PBXFrameworksBuildPhase;
			buildActionMask = 2147483647;
			files = (
				618C18E6198AC42700BDE261 /* CoreGraphics.framework in Frameworks */,
				618C18E8198AC42700BDE261 /* UIKit.framework in Frameworks */,
				618C18E4198AC42700BDE261 /* Foundation.framework in Frameworks */,
			);
			runOnlyForDeploymentPostprocessing = 0;
		};
		618C18FE198AC42800BDE261 /* Frameworks */ = {
			isa = PBXFrameworksBuildPhase;
			buildActionMask = 2147483647;
			files = (
				618C1903198AC42800BDE261 /* XCTest.framework in Frameworks */,
				618C1905198AC42800BDE261 /* UIKit.framework in Frameworks */,
				618C1904198AC42800BDE261 /* Foundation.framework in Frameworks */,
			);
			runOnlyForDeploymentPostprocessing = 0;
		};
/* End PBXFrameworksBuildPhase section */

/* Begin PBXGroup section */
		618C18D7198AC42700BDE261 = {
			isa = PBXGroup;
			children = (
				618C18E9198AC42700BDE261 /* PersonalKPIs */,
				618C1908198AC42800BDE261 /* PersonalKPIsTests */,
				618C18E2198AC42700BDE261 /* Frameworks */,
				618C18E1198AC42700BDE261 /* Products */,
			);
			sourceTree = "<group>";
		};
		618C18E1198AC42700BDE261 /* Products */ = {
			isa = PBXGroup;
			children = (
				618C18E0198AC42700BDE261 /* PersonalKPIs.app */,
				618C1901198AC42800BDE261 /* PersonalKPIsTests.xctest */,
			);
			name = Products;
			sourceTree = "<group>";
		};
		618C18E2198AC42700BDE261 /* Frameworks */ = {
			isa = PBXGroup;
			children = (
				618C18E3198AC42700BDE261 /* Foundation.framework */,
				618C18E5198AC42700BDE261 /* CoreGraphics.framework */,
				618C18E7198AC42700BDE261 /* UIKit.framework */,
				618C1902198AC42800BDE261 /* XCTest.framework */,
			);
			name = Frameworks;
			sourceTree = "<group>";
		};
		618C18E9198AC42700BDE261 /* PersonalKPIs */ = {
			isa = PBXGroup;
			children = (
				618C18F2198AC42800BDE261 /* KPIAppDelegate.h */,
				618C18F3198AC42800BDE261 /* KPIAppDelegate.m */,
				618C18F5198AC42800BDE261 /* Main.storyboard */,
				618C18F8198AC42800BDE261 /* KPIMasterViewController.h */,
				618C18F9198AC42800BDE261 /* KPIMasterViewController.m */,
				618C18FB198AC42800BDE261 /* Images.xcassets */,
				618C18EA198AC42800BDE261 /* Supporting Files */,
			);
			path = PersonalKPIs;
			sourceTree = "<group>";
		};
		618C18EA198AC42800BDE261 /* Supporting Files */ = {
			isa = PBXGroup;
			children = (
				618C18EB198AC42800BDE261 /* PersonalKPIs-Info.plist */,
				618C18EC198AC42800BDE261 /* InfoPlist.strings */,
				618C18EF198AC42800BDE261 /* main.m */,
				618C18F1198AC42800BDE261 /* PersonalKPIs-Prefix.pch */,
			);
			name = "Supporting Files";
			sourceTree = "<group>";
		};
		618C1908198AC42800BDE261 /* PersonalKPIsTests */ = {
			isa = PBXGroup;
			children = (
				618C190E198AC42800BDE261 /* PersonalKPIsTests.m */,
				618C1909198AC42800BDE261 /* Supporting Files */,
			);
			path = PersonalKPIsTests;
			sourceTree = "<group>";
		};
		618C1909198AC42800BDE261 /* Supporting Files */ = {
			isa = PBXGroup;
			children = (
				618C190A198AC42800BDE261 /* PersonalKPIsTests-Info.plist */,
				618C190B198AC42800BDE261 /* InfoPlist.strings */,
			);
			name = "Supporting Files";
			sourceTree = "<group>";
		};
/* End PBXGroup section */

/* Begin PBXNativeTarget section */
		618C18DF198AC42700BDE261 /* PersonalKPIs */ = {
			isa = PBXNativeTarget;
			buildConfigurationList = 618C1912198AC42800BDE261 /* Build configuration list for PBXNativeTarget "PersonalKPIs" */;
			buildPhases = (
				618C18DC198AC42700BDE261 /* Sources */,
				618C18DD198AC42700BDE261 /* Frameworks */,
				618C18DE198AC42700BDE261 /* Resources */,
			);
			buildRules = (
			);
			dependencies = (
			);
			name = PersonalKPIs;
			productName = PersonalKPIs;
			productReference = 618C18E0198AC42700BDE261 /* PersonalKPIs.app */;
			productType = "com.apple.product-type.application";
		};
		618C1900198AC42800BDE261 /* PersonalKPIsTests */ = {
			isa = PBXNativeTarget;
			buildConfigurationList = 618C1915198AC42800BDE261 /* Build configuration list for PBXNativeTarget "PersonalKPIsTests" */;
			buildPhases = (
				618C18FD198AC42800BDE261 /* Sources */,
				618C18FE198AC42800BDE261 /* Frameworks */,
				618C18FF198AC42800BDE261 /* Resources */,
			);
			buildRules = (
			);
			dependencies = (
				618C1907198AC42800BDE261 /* PBXTargetDependency */,
			);
			name = PersonalKPIsTests;
			productName = PersonalKPIsTests;
			productReference = 618C1901198AC42800BDE261 /* PersonalKPIsTests.xctest */;
			productType = "com.apple.product-type.bundle.unit-test";
		};
/* End PBXNativeTarget section */

/* Begin PBXProject section */
		618C18D8198AC42700BDE261 /* Project object */ = {
			isa = PBXProject;
			attributes = {
				CLASSPREFIX = KPI;
				LastUpgradeCheck = 0510;
				ORGANIZATIONNAME = "Digital Designs";
				TargetAttributes = {
					618C1900198AC42800BDE261 = {
						TestTargetID = 618C18DF198AC42700BDE261;
					};
				};
			};
			buildConfigurationList = 618C18DB198AC42700BDE261 /* Build configuration list for PBXProject "PersonalKPIs" */;
			compatibilityVersion = "Xcode 3.2";
			developmentRegion = English;
			hasScannedForEncodings = 0;
			knownRegions = (
				en,
				Base,
			);
			mainGroup = 618C18D7198AC42700BDE261;
			productRefGroup = 618C18E1198AC42700BDE261 /* Products */;
			projectDirPath = "";
			projectRoot = "";
			targets = (
				618C18DF198AC42700BDE261 /* PersonalKPIs */,
				618C1900198AC42800BDE261 /* PersonalKPIsTests */,
			);
		};
/* End PBXProject section */

/* Begin PBXResourcesBuildPhase section */
		618C18DE198AC42700BDE261 /* Resources */ = {
			isa = PBXResourcesBuildPhase;
			buildActionMask = 2147483647;
			files = (
				618C18FC198AC42800BDE261 /* Images.xcassets in Resources */,
				618C18EE198AC42800BDE261 /* InfoPlist.strings in Resources */,
				618C18F7198AC42800BDE261 /* Main.storyboard in Resources */,
			);
			runOnlyForDeploymentPostprocessing = 0;
		};
		618C18FF198AC42800BDE261 /* Resources */ = {
			isa = PBXResourcesBuildPhase;
			buildActionMask = 2147483647;
			files = (
				618C190D198AC42800BDE261 /* InfoPlist.strings in Resources */,
			);
			runOnlyForDeploymentPostprocessing = 0;
		};
/* End PBXResourcesBuildPhase section */

/* Begin PBXSourcesBuildPhase section */
		618C18DC198AC42700BDE261 /* Sources */ = {
			isa = PBXSourcesBuildPhase;
			buildActionMask = 2147483647;
			files = (
				618C18FA198AC42800BDE261 /* KPIMasterViewController.m in Sources */,
				618C18F0198AC42800BDE261 /* main.m in Sources */,
				618C18F4198AC42800BDE261 /* KPIAppDelegate.m in Sources */,
			);
			runOnlyForDeploymentPostprocessing = 0;
		};
		618C18FD198AC42800BDE261 /* Sources */ = {
			isa = PBXSourcesBuildPhase;
			buildActionMask = 2147483647;
			files = (
				618C190F198AC42800BDE261 /* PersonalKPIsTests.m in Sources */,
			);
			runOnlyForDeploymentPostprocessing = 0;
		};
/* End PBXSourcesBuildPhase section */

/* Begin PBXTargetDependency section */
		618C1907198AC42800BDE261 /* PBXTargetDependency */ = {
			isa = PBXTargetDependency;
			target = 618C18DF198AC42700BDE261 /* PersonalKPIs */;
			targetProxy = 618C1906198AC42800BDE261 /* PBXContainerItemProxy */;
		};
/* End PBXTargetDependency section */

/* Begin PBXVariantGroup section */
		618C18EC198AC42800BDE261 /* InfoPlist.strings */ = {
			isa = PBXVariantGroup;
			children = (
				618C18ED198AC42800BDE261 /* en */,
			);
			name = InfoPlist.strings;
			sourceTree = "<group>";
		};
		618C18F5198AC42800BDE261 /* Main.storyboard */ = {
			isa = PBXVariantGroup;
			children = (
				618C18F6198AC42800BDE261 /* Base */,
			);
			name = Main.storyboard;
			sourceTree = "<group>";
		};
		618C190B198AC42800BDE261 /* InfoPlist.strings */ = {
			isa = PBXVariantGroup;
			children = (
				618C190C198AC42800BDE261 /* en */,
			);
			name = InfoPlist.strings;
			sourceTree = "<group>";
		};
/* End PBXVariantGroup section */

/* Begin XCBuildConfiguration section */
		618C1910198AC42800BDE261 /* Debug */ = {
			isa = XCBuildConfiguration;
			buildSettings = {
				ALWAYS_SEARCH_USER_PATHS = NO;
				CLANG_CXX_LANGUAGE_STANDARD = "gnu++0x";
				CLANG_CXX_LIBRARY = "libc++";
				CLANG_ENABLE_MODULES = YES;
				CLANG_ENABLE_OBJC_ARC = YES;
				CLANG_WARN_BOOL_CONVERSION = YES;
				CLANG_WARN_CONSTANT_CONVERSION = YES;
				CLANG_WARN_DIRECT_OBJC_ISA_USAGE = YES_ERROR;
				CLANG_WARN_EMPTY_BODY = YES;
				CLANG_WARN_ENUM_CONVERSION = YES;
				CLANG_WARN_INT_CONVERSION = YES;
				CLANG_WARN_OBJC_ROOT_CLASS = YES_ERROR;
				CLANG_WARN__DUPLICATE_METHOD_MATCH = YES;
				"CODE_SIGN_IDENTITY[sdk=iphoneos*]" = "iPhone Developer";
				COPY_PHASE_STRIP = NO;
				GCC_C_LANGUAGE_STANDARD = gnu99;
				GCC_DYNAMIC_NO_PIC = NO;
				GCC_OPTIMIZATION_LEVEL = 0;
				GCC_PREPROCESSOR_DEFINITIONS = (
					"DEBUG=1",
					"$(inherited)",
				);
				GCC_SYMBOLS_PRIVATE_EXTERN = NO;
				GCC_WARN_64_TO_32_BIT_CONVERSION = YES;
				GCC_WARN_ABOUT_RETURN_TYPE = YES_ERROR;
				GCC_WARN_UNDECLARED_SELECTOR = YES;
				GCC_WARN_UNINITIALIZED_AUTOS = YES_AGGRESSIVE;
				GCC_WARN_UNUSED_FUNCTION = YES;
				GCC_WARN_UNUSED_VARIABLE = YES;
				IPHONEOS_DEPLOYMENT_TARGET = 7.1;
				ONLY_ACTIVE_ARCH = YES;
				SDKROOT = iphoneos;
			};
			name = Debug;
		};
		618C1911198AC42800BDE261 /* Release */ = {
			isa = XCBuildConfiguration;
			buildSettings = {
				ALWAYS_SEARCH_USER_PATHS = NO;
				CLANG_CXX_LANGUAGE_STANDARD = "gnu++0x";
				CLANG_CXX_LIBRARY = "libc++";
				CLANG_ENABLE_MODULES = YES;
				CLANG_ENABLE_OBJC_ARC = YES;
				CLANG_WARN_BOOL_CONVERSION = YES;
				CLANG_WARN_CONSTANT_CONVERSION = YES;
				CLANG_WARN_DIRECT_OBJC_ISA_USAGE = YES_ERROR;
				CLANG_WARN_EMPTY_BODY = YES;
				CLANG_WARN_ENUM_CONVERSION = YES;
				CLANG_WARN_INT_CONVERSION = YES;
				CLANG_WARN_OBJC_ROOT_CLASS = YES_ERROR;
				CLANG_WARN__DUPLICATE_METHOD_MATCH = YES;
				"CODE_SIGN_IDENTITY[sdk=iphoneos*]" = "iPhone Developer";
				COPY_PHASE_STRIP = YES;
				ENABLE_NS_ASSERTIONS = NO;
				GCC_C_LANGUAGE_STANDARD = gnu99;
				GCC_WARN_64_TO_32_BIT_CONVERSION = YES;
				GCC_WARN_ABOUT_RETURN_TYPE = YES_ERROR;
				GCC_WARN_UNDECLARED_SELECTOR = YES;
				GCC_WARN_UNINITIALIZED_AUTOS = YES_AGGRESSIVE;
				GCC_WARN_UNUSED_FUNCTION = YES;
				GCC_WARN_UNUSED_VARIABLE = YES;
				IPHONEOS_DEPLOYMENT_TARGET = 7.1;
				SDKROOT = iphoneos;
				VALIDATE_PRODUCT = YES;
			};
			name = Release;
		};
		618C1913198AC42800BDE261 /* Debug */ = {
			isa = XCBuildConfiguration;
			buildSettings = {
				ASSETCATALOG_COMPILER_APPICON_NAME = AppIcon;
				ASSETCATALOG_COMPILER_LAUNCHIMAGE_NAME = LaunchImage;
				GCC_PRECOMPILE_PREFIX_HEADER = YES;
				GCC_PREFIX_HEADER = "PersonalKPIs/PersonalKPIs-Prefix.pch";
				INFOPLIST_FILE = "PersonalKPIs/PersonalKPIs-Info.plist";
				PRODUCT_NAME = "$(TARGET_NAME)";
				WRAPPER_EXTENSION = app;
			};
			name = Debug;
		};
		618C1914198AC42800BDE261 /* Release */ = {
			isa = XCBuildConfiguration;
			buildSettings = {
				ASSETCATALOG_COMPILER_APPICON_NAME = AppIcon;
				ASSETCATALOG_COMPILER_LAUNCHIMAGE_NAME = LaunchImage;
				GCC_PRECOMPILE_PREFIX_HEADER = YES;
				GCC_PREFIX_HEADER = "PersonalKPIs/PersonalKPIs-Prefix.pch";
				INFOPLIST_FILE = "PersonalKPIs/PersonalKPIs-Info.plist";
				PRODUCT_NAME = "$(TARGET_NAME)";
				WRAPPER_EXTENSION = app;
			};
			name = Release;
		};
		618C1916198AC42800BDE261 /* Debug */ = {
			isa = XCBuildConfiguration;
			buildSettings = {
				BUNDLE_LOADER = "$(BUILT_PRODUCTS_DIR)/PersonalKPIs.app/PersonalKPIs";
				FRAMEWORK_SEARCH_PATHS = (
					"$(SDKROOT)/Developer/Library/Frameworks",
					"$(inherited)",
					"$(DEVELOPER_FRAMEWORKS_DIR)",
				);
				GCC_PRECOMPILE_PREFIX_HEADER = YES;
				GCC_PREFIX_HEADER = "PersonalKPIs/PersonalKPIs-Prefix.pch";
				GCC_PREPROCESSOR_DEFINITIONS = (
					"DEBUG=1",
					"$(inherited)",
				);
				INFOPLIST_FILE = "PersonalKPIsTests/PersonalKPIsTests-Info.plist";
				PRODUCT_NAME = "$(TARGET_NAME)";
				TEST_HOST = "$(BUNDLE_LOADER)";
				WRAPPER_EXTENSION = xctest;
			};
			name = Debug;
		};
		618C1917198AC42800BDE261 /* Release */ = {
			isa = XCBuildConfiguration;
			buildSettings = {
				BUNDLE_LOADER = "$(BUILT_PRODUCTS_DIR)/PersonalKPIs.app/PersonalKPIs";
				FRAMEWORK_SEARCH_PATHS = (
					"$(SDKROOT)/Developer/Library/Frameworks",
					"$(inherited)",
					"$(DEVELOPER_FRAMEWORKS_DIR)",
				);
				GCC_PRECOMPILE_PREFIX_HEADER = YES;
				GCC_PREFIX_HEADER = "PersonalKPIs/PersonalKPIs-Prefix.pch";
				INFOPLIST_FILE = "PersonalKPIsTests/PersonalKPIsTests-Info.plist";
				PRODUCT_NAME = "$(TARGET_NAME)";
				TEST_HOST = "$(BUNDLE_LOADER)";
				WRAPPER_EXTENSION = xctest;
			};
			name = Release;
		};
/* End XCBuildConfiguration section */

/* Begin XCConfigurationList section */
		618C18DB198AC42700BDE261 /* Build configuration list for PBXProject "PersonalKPIs" */ = {
			isa = XCConfigurationList;
			buildConfigurations = (
				618C1910198AC42800BDE261 /* Debug */,
				618C1911198AC42800BDE261 /* Release */,
			);
			defaultConfigurationIsVisible = 0;
			defaultConfigurationName = Release;
		};
		618C1912198AC42800BDE261 /* Build configuration list for PBXNativeTarget "PersonalKPIs" */ = {
			isa = XCConfigurationList;
			buildConfigurations = (
				618C1913198AC42800BDE261 /* Debug */,
				618C1914198AC42800BDE261 /* Release */,
			);
			defaultConfigurationIsVisible = 0;
		};
		618C1915198AC42800BDE261 /* Build configuration list for PBXNativeTarget "PersonalKPIsTests" */ = {
			isa = XCConfigurationList;
			buildConfigurations = (
				618C1916198AC42800BDE261 /* Debug */,
				618C1917198AC42800BDE261 /* Release */,
			);
			defaultConfigurationIsVisible = 0;
		};
/* End XCConfigurationList section */
	};
	rootObject = 618C18D8198AC42700BDE261 /* Project object */;
}
